
Microsoft Visual Studio Solution File, Format Version 12.00
# Visual Studio Version 16
VisualStudioVersion = 16.0.30320.27
MinimumVisualStudioVersion = 10.0.40219.1
Project("{2150E333-8FDC-42A3-9474-1A3956D46DE8}") = "MVVMCareful", "MVVMCareful", "{396E2D23-0514-40F7-841F-FA31D27361FD}"
EndProject
Project("{2150E333-8FDC-42A3-9474-1A3956D46DE8}") = "Demo1", "Demo1", "{FFF09559-0869-4029-A4D1-64AABA5FC0AD}"
EndProject
Project("{2150E333-8FDC-42A3-9474-1A3956D46DE8}") = "Demo2", "Demo2", "{B257D30C-C2E8-44FF-A76C-EFC9E9A13180}"
EndProject
Project("{2150E333-8FDC-42A3-9474-1A3956D46DE8}") = "ControlLibrary", "ControlLibrary", "{D565A2BB-D2C5-490E-951F-1AB6757E0FA9}"
EndProject
Project("{2150E333-8FDC-42A3-9474-1A3956D46DE8}") = "ThemeLibrary", "ThemeLibrary", "{21DE6774-0034-4AEB-B8F0-A9EFC7C6EB2E}"
EndProject
Project("{FAE04EC0-301F-11D3-BF4B-00C04F79EFBC}") = "ThemeResources", "ThemeLibrary\ThemeResources\ThemeResources.csproj", "{89429601-7DCC-47C6-8CB0-5F04F66AF36C}"
EndProject
Project("{FAE04EC0-301F-11D3-BF4B-00C04F79EFBC}") = "Careful.Controls", "ControlLibrary\ControlResource\Careful.Controls.csproj", "{96E0CF6A-E9CC-470B-8E07-32E1D3250499}"
EndProject
Project("{FAE04EC0-301F-11D3-BF4B-00C04F79EFBC}") = "ModularityIDEDemo", "Demo1\ModularityIDEDemo\ModularityIDEDemo.csproj", "{9DAB7CD6-1A77-4E3B-BBE3-CE04EA81D5D4}"
EndProject
Project("{FAE04EC0-301F-11D3-BF4B-00C04F79EFBC}") = "ModularityNavigationDemo", "Demo2\ModularityNavigationDemo\ModularityNavigationDemo.csproj", "{1FF3CC22-47D4-440F-8719-9D62B03BCF96}"
EndProject
Project("{2150E333-8FDC-42A3-9474-1A3956D46DE8}") = "Libs", "Libs", "{7B600CAB-42EA-46EB-A788-8B8C612C3729}"
	ProjectSection(SolutionItems) = preProject
		Libs\JetBrains.Annotations.dll = Libs\JetBrains.Annotations.dll
		Libs\Microsoft.Expression.Drawing.dll = Libs\Microsoft.Expression.Drawing.dll
		Libs\Microsoft.Expression.Effects.dll = Libs\Microsoft.Expression.Effects.dll
		Libs\Microsoft.Expression.Interactions.dll = Libs\Microsoft.Expression.Interactions.dll
		Libs\Microsoft.Practices.ServiceLocation.dll = Libs\Microsoft.Practices.ServiceLocation.dll
		Libs\System.Windows.Interactivity.dll = Libs\System.Windows.Interactivity.dll
	EndProjectSection
EndProject
Project("{FAE04EC0-301F-11D3-BF4B-00C04F79EFBC}") = "Careful.Core", "MVVMCareful\Careful.Core\Careful.Core.csproj", "{9A2640B6-8161-462F-9F58-E8DF8D94FD49}"
EndProject
Project("{FAE04EC0-301F-11D3-BF4B-00C04F79EFBC}") = "Careful.Core.AuthorizationManagement", "MVVMCareful\Careful.Core.AuthorizationManagement\Careful.Core.AuthorizationManagement.csproj", "{998B8FBF-8796-4683-8BCE-688FC3CE57FE}"
EndProject
Project("{FAE04EC0-301F-11D3-BF4B-00C04F79EFBC}") = "Careful.Core.Tool", "MVVMCareful\Careful.Core.Tool\Careful.Core.Tool.csproj", "{93A6997C-3D58-43AA-B24F-9CCF8C9630B3}"
EndProject
Project("{FAE04EC0-301F-11D3-BF4B-00C04F79EFBC}") = "LanguagePackResource", "MVVMCareful\LanguagePackResource\LanguagePackResource.csproj", "{6D5901C2-4945-4D9B-BAC1-14C2E4A7D70C}"
EndProject
Project("{FAE04EC0-301F-11D3-BF4B-00C04F79EFBC}") = "Careful.Module.Core", "MVVMCareful\Careful.Module.Core\Careful.Module.Core.csproj", "{A046F60A-8588-47A8-9A72-6ADBF9A82CC5}"
EndProject
Project("{FAE04EC0-301F-11D3-BF4B-00C04F79EFBC}") = "Careful.Core.PropertyValidation", "MVVMCareful\Careful.Core.PropertyValidation\Careful.Core.PropertyValidation.csproj", "{3B6117D5-6A36-4514-A002-A60E0A0D8D75}"
EndProject
Project("{FAE04EC0-301F-11D3-BF4B-00C04F79EFBC}") = "Careful.Core.MessageFrame", "MVVMCareful\Careful.Core.MessageFrame\Careful.Core.MessageFrame.csproj", "{5ABF0785-531B-4575-AD7D-3184D564746D}"
EndProject
Project("{FAE04EC0-301F-11D3-BF4B-00C04F79EFBC}") = "Careful.Core.Mvvm", "MVVMCareful\Careful.Core.Mvvm\Careful.Core.Mvvm.csproj", "{32497025-C0ED-4450-A57D-2D8E4AA2FD8B}"
EndProject
Project("{FAE04EC0-301F-11D3-BF4B-00C04F79EFBC}") = "Careful.BootstrapperApplication", "MVVMCareful\Careful.BootstrapperApplication\Careful.BootstrapperApplication.csproj", "{EE637630-A4F2-44F2-92DE-42A3D4255E29}"
EndProject
Project("{2150E333-8FDC-42A3-9474-1A3956D46DE8}") = "Modules", "Modules", "{79BF7E29-D3CF-4CBB-8756-CDE9F820E887}"
EndProject
Project("{FAE04EC0-301F-11D3-BF4B-00C04F79EFBC}") = "Module.Test.Models", "Demo1\Modules\Module.Test.Models\Module.Test.Models.csproj", "{F73A8E49-95B6-4DDA-9DF8-5A62674DF680}"
EndProject
Project("{FAE04EC0-301F-11D3-BF4B-00C04F79EFBC}") = "Module.Test.ViewModels", "Demo1\Modules\Module.Test.ViewModels\Module.Test.ViewModels.csproj", "{BA4981D9-F98D-4EA7-8A2C-71C9B3A9914D}"
EndProject
Project("{FAE04EC0-301F-11D3-BF4B-00C04F79EFBC}") = "Module.Test.Views", "Demo1\Modules\Module.Test.Views\Module.Test.Views.csproj", "{DC4BCA77-081D-45DA-A4B4-0B8A4E746E50}"
EndProject
Project("{FAE04EC0-301F-11D3-BF4B-00C04F79EFBC}") = "Activities", "Demo1\Activities\Activities.csproj", "{FB2FD24F-0C95-487D-B7F2-BAACBE6E39A0}"
EndProject
Global
	GlobalSection(SolutionConfigurationPlatforms) = preSolution
		Debug|Any CPU = Debug|Any CPU
		Release|Any CPU = Release|Any CPU
	EndGlobalSection
	GlobalSection(ProjectConfigurationPlatforms) = postSolution
		{89429601-7DCC-47C6-8CB0-5F04F66AF36C}.Debug|Any CPU.ActiveCfg = Debug|Any CPU
		{89429601-7DCC-47C6-8CB0-5F04F66AF36C}.Debug|Any CPU.Build.0 = Debug|Any CPU
		{89429601-7DCC-47C6-8CB0-5F04F66AF36C}.Release|Any CPU.ActiveCfg = Release|Any CPU
		{89429601-7DCC-47C6-8CB0-5F04F66AF36C}.Release|Any CPU.Build.0 = Release|Any CPU
		{96E0CF6A-E9CC-470B-8E07-32E1D3250499}.Debug|Any CPU.ActiveCfg = Debug|Any CPU
		{96E0CF6A-E9CC-470B-8E07-32E1D3250499}.Debug|Any CPU.Build.0 = Debug|Any CPU
		{96E0CF6A-E9CC-470B-8E07-32E1D3250499}.Release|Any CPU.ActiveCfg = Release|Any CPU
		{96E0CF6A-E9CC-470B-8E07-32E1D3250499}.Release|Any CPU.Build.0 = Release|Any CPU
		{9DAB7CD6-1A77-4E3B-BBE3-CE04EA81D5D4}.Debug|Any CPU.ActiveCfg = Debug|Any CPU
		{9DAB7CD6-1A77-4E3B-BBE3-CE04EA81D5D4}.Debug|Any CPU.Build.0 = Debug|Any CPU
		{9DAB7CD6-1A77-4E3B-BBE3-CE04EA81D5D4}.Release|Any CPU.ActiveCfg = Release|Any CPU
		{9DAB7CD6-1A77-4E3B-BBE3-CE04EA81D5D4}.Release|Any CPU.Build.0 = Release|Any CPU
		{1FF3CC22-47D4-440F-8719-9D62B03BCF96}.Debug|Any CPU.ActiveCfg = Debug|Any CPU
		{1FF3CC22-47D4-440F-8719-9D62B03BCF96}.Debug|Any CPU.Build.0 = Debug|Any CPU
		{1FF3CC22-47D4-440F-8719-9D62B03BCF96}.Release|Any CPU.ActiveCfg = Release|Any CPU
		{1FF3CC22-47D4-440F-8719-9D62B03BCF96}.Release|Any CPU.Build.0 = Release|Any CPU
		{9A2640B6-8161-462F-9F58-E8DF8D94FD49}.Debug|Any CPU.ActiveCfg = Debug|Any CPU
		{9A2640B6-8161-462F-9F58-E8DF8D94FD49}.Debug|Any CPU.Build.0 = Debug|Any CPU
		{9A2640B6-8161-462F-9F58-E8DF8D94FD49}.Release|Any CPU.ActiveCfg = Release|Any CPU
		{9A2640B6-8161-462F-9F58-E8DF8D94FD49}.Release|Any CPU.Build.0 = Release|Any CPU
		{998B8FBF-8796-4683-8BCE-688FC3CE57FE}.Debug|Any CPU.ActiveCfg = Debug|Any CPU
		{998B8FBF-8796-4683-8BCE-688FC3CE57FE}.Debug|Any CPU.Build.0 = Debug|Any CPU
		{998B8FBF-8796-4683-8BCE-688FC3CE57FE}.Release|Any CPU.ActiveCfg = Release|Any CPU
		{998B8FBF-8796-4683-8BCE-688FC3CE57FE}.Release|Any CPU.Build.0 = Release|Any CPU
		{93A6997C-3D58-43AA-B24F-9CCF8C9630B3}.Debug|Any CPU.ActiveCfg = Debug|Any CPU
		{93A6997C-3D58-43AA-B24F-9CCF8C9630B3}.Debug|Any CPU.Build.0 = Debug|Any CPU
		{93A6997C-3D58-43AA-B24F-9CCF8C9630B3}.Release|Any CPU.ActiveCfg = Release|Any CPU
		{93A6997C-3D58-43AA-B24F-9CCF8C9630B3}.Release|Any CPU.Build.0 = Release|Any CPU
		{6D5901C2-4945-4D9B-BAC1-14C2E4A7D70C}.Debug|Any CPU.ActiveCfg = Debug|Any CPU
		{6D5901C2-4945-4D9B-BAC1-14C2E4A7D70C}.Debug|Any CPU.Build.0 = Debug|Any CPU
		{6D5901C2-4945-4D9B-BAC1-14C2E4A7D70C}.Release|Any CPU.ActiveCfg = Release|Any CPU
		{6D5901C2-4945-4D9B-BAC1-14C2E4A7D70C}.Release|Any CPU.Build.0 = Release|Any CPU
		{A046F60A-8588-47A8-9A72-6ADBF9A82CC5}.Debug|Any CPU.ActiveCfg = Debug|Any CPU
		{A046F60A-8588-47A8-9A72-6ADBF9A82CC5}.Debug|Any CPU.Build.0 = Debug|Any CPU
		{A046F60A-8588-47A8-9A72-6ADBF9A82CC5}.Release|Any CPU.ActiveCfg = Release|Any CPU
		{A046F60A-8588-47A8-9A72-6ADBF9A82CC5}.Release|Any CPU.Build.0 = Release|Any CPU
		{3B6117D5-6A36-4514-A002-A60E0A0D8D75}.Debug|Any CPU.ActiveCfg = Debug|Any CPU
		{3B6117D5-6A36-4514-A002-A60E0A0D8D75}.Debug|Any CPU.Build.0 = Debug|Any CPU
		{3B6117D5-6A36-4514-A002-A60E0A0D8D75}.Release|Any CPU.ActiveCfg = Release|Any CPU
		{3B6117D5-6A36-4514-A002-A60E0A0D8D75}.Release|Any CPU.Build.0 = Release|Any CPU
		{5ABF0785-531B-4575-AD7D-3184D564746D}.Debug|Any CPU.ActiveCfg = Debug|Any CPU
		{5ABF0785-531B-4575-AD7D-3184D564746D}.Debug|Any CPU.Build.0 = Debug|Any CPU
		{5ABF0785-531B-4575-AD7D-3184D564746D}.Release|Any CPU.ActiveCfg = Release|Any CPU
		{5ABF0785-531B-4575-AD7D-3184D564746D}.Release|Any CPU.Build.0 = Release|Any CPU
		{32497025-C0ED-4450-A57D-2D8E4AA2FD8B}.Debug|Any CPU.ActiveCfg = Debug|Any CPU
		{32497025-C0ED-4450-A57D-2D8E4AA2FD8B}.Debug|Any CPU.Build.0 = Debug|Any CPU
		{32497025-C0ED-4450-A57D-2D8E4AA2FD8B}.Release|Any CPU.ActiveCfg = Release|Any CPU
		{32497025-C0ED-4450-A57D-2D8E4AA2FD8B}.Release|Any CPU.Build.0 = Release|Any CPU
		{EE637630-A4F2-44F2-92DE-42A3D4255E29}.Debug|Any CPU.ActiveCfg = Debug|Any CPU
		{EE637630-A4F2-44F2-92DE-42A3D4255E29}.Debug|Any CPU.Build.0 = Debug|Any CPU
		{EE637630-A4F2-44F2-92DE-42A3D4255E29}.Release|Any CPU.ActiveCfg = Release|Any CPU
		{EE637630-A4F2-44F2-92DE-42A3D4255E29}.Release|Any CPU.Build.0 = Release|Any CPU
		{F73A8E49-95B6-4DDA-9DF8-5A62674DF680}.Debug|Any CPU.ActiveCfg = Debug|Any CPU
		{F73A8E49-95B6-4DDA-9DF8-5A62674DF680}.Debug|Any CPU.Build.0 = Debug|Any CPU
		{F73A8E49-95B6-4DDA-9DF8-5A62674DF680}.Release|Any CPU.ActiveCfg = Release|Any CPU
		{F73A8E49-95B6-4DDA-9DF8-5A62674DF680}.Release|Any CPU.Build.0 = Release|Any CPU
		{BA4981D9-F98D-4EA7-8A2C-71C9B3A9914D}.Debug|Any CPU.ActiveCfg = Debug|Any CPU
		{BA4981D9-F98D-4EA7-8A2C-71C9B3A9914D}.Debug|Any CPU.Build.0 = Debug|Any CPU
		{BA4981D9-F98D-4EA7-8A2C-71C9B3A9914D}.Release|Any CPU.ActiveCfg = Release|Any CPU
		{BA4981D9-F98D-4EA7-8A2C-71C9B3A9914D}.Release|Any CPU.Build.0 = Release|Any CPU
		{DC4BCA77-081D-45DA-A4B4-0B8A4E746E50}.Debug|Any CPU.ActiveCfg = Debug|Any CPU
		{DC4BCA77-081D-45DA-A4B4-0B8A4E746E50}.Debug|Any CPU.Build.0 = Debug|Any CPU
		{DC4BCA77-081D-45DA-A4B4-0B8A4E746E50}.Release|Any CPU.ActiveCfg = Release|Any CPU
		{DC4BCA77-081D-45DA-A4B4-0B8A4E746E50}.Release|Any CPU.Build.0 = Release|Any CPU
		{FB2FD24F-0C95-487D-B7F2-BAACBE6E39A0}.Debug|Any CPU.ActiveCfg = Debug|Any CPU
		{FB2FD24F-0C95-487D-B7F2-BAACBE6E39A0}.Debug|Any CPU.Build.0 = Debug|Any CPU
		{FB2FD24F-0C95-487D-B7F2-BAACBE6E39A0}.Release|Any CPU.ActiveCfg = Release|Any CPU
		{FB2FD24F-0C95-487D-B7F2-BAACBE6E39A0}.Release|Any CPU.Build.0 = Release|Any CPU
	EndGlobalSection
	GlobalSection(SolutionProperties) = preSolution
		HideSolutionNode = FALSE
	EndGlobalSection
	GlobalSection(NestedProjects) = preSolution
		{89429601-7DCC-47C6-8CB0-5F04F66AF36C} = {21DE6774-0034-4AEB-B8F0-A9EFC7C6EB2E}
		{96E0CF6A-E9CC-470B-8E07-32E1D3250499} = {D565A2BB-D2C5-490E-951F-1AB6757E0FA9}
		{9DAB7CD6-1A77-4E3B-BBE3-CE04EA81D5D4} = {FFF09559-0869-4029-A4D1-64AABA5FC0AD}
		{1FF3CC22-47D4-440F-8719-9D62B03BCF96} = {B257D30C-C2E8-44FF-A76C-EFC9E9A13180}
		{9A2640B6-8161-462F-9F58-E8DF8D94FD49} = {396E2D23-0514-40F7-841F-FA31D27361FD}
		{998B8FBF-8796-4683-8BCE-688FC3CE57FE} = {396E2D23-0514-40F7-841F-FA31D27361FD}
		{93A6997C-3D58-43AA-B24F-9CCF8C9630B3} = {396E2D23-0514-40F7-841F-FA31D27361FD}
		{6D5901C2-4945-4D9B-BAC1-14C2E4A7D70C} = {396E2D23-0514-40F7-841F-FA31D27361FD}
		{A046F60A-8588-47A8-9A72-6ADBF9A82CC5} = {396E2D23-0514-40F7-841F-FA31D27361FD}
		{3B6117D5-6A36-4514-A002-A60E0A0D8D75} = {396E2D23-0514-40F7-841F-FA31D27361FD}
		{5ABF0785-531B-4575-AD7D-3184D564746D} = {396E2D23-0514-40F7-841F-FA31D27361FD}
		{32497025-C0ED-4450-A57D-2D8E4AA2FD8B} = {396E2D23-0514-40F7-841F-FA31D27361FD}
		{EE637630-A4F2-44F2-92DE-42A3D4255E29} = {396E2D23-0514-40F7-841F-FA31D27361FD}
		{79BF7E29-D3CF-4CBB-8756-CDE9F820E887} = {FFF09559-0869-4029-A4D1-64AABA5FC0AD}
		{F73A8E49-95B6-4DDA-9DF8-5A62674DF680} = {79BF7E29-D3CF-4CBB-8756-CDE9F820E887}
		{BA4981D9-F98D-4EA7-8A2C-71C9B3A9914D} = {79BF7E29-D3CF-4CBB-8756-CDE9F820E887}
		{DC4BCA77-081D-45DA-A4B4-0B8A4E746E50} = {79BF7E29-D3CF-4CBB-8756-CDE9F820E887}
		{FB2FD24F-0C95-487D-B7F2-BAACBE6E39A0} = {FFF09559-0869-4029-A4D1-64AABA5FC0AD}
	EndGlobalSection
	GlobalSection(ExtensibilityGlobals) = postSolution
		SolutionGuid = {F712A359-A09E-462F-9796-B9461201B22F}
	EndGlobalSection
EndGlobal
